
Microsoft Visual Studio Solution File, Format Version 12.00
# Visual Studio Version 16
VisualStudioVersion = 16.0.28803.156
MinimumVisualStudioVersion = 10.0.40219.1
Project("{9A19103F-16F7-4668-BE54-9A1E7A4F7556}") = "ApplicationCore", "ApplicationCore\ApplicationCore.csproj", "{1D859B2E-52C7-4322-B0C3-979D3AC4B3B8}"
EndProject
Project("{9A19103F-16F7-4668-BE54-9A1E7A4F7556}") = "Infrastructure", "Infrastructure\Infrastructure.csproj", "{B98B06AA-CA0C-44A6-9E64-D7FB4DDE92F0}"
EndProject
Project("{9A19103F-16F7-4668-BE54-9A1E7A4F7556}") = "ApplicationCoreIntegrationTests", "ApplicationCoreTests\ApplicationCoreIntegrationTests.csproj", "{36E340FF-0B26-4FE8-85A9-AD4868F43779}"
EndProject
Project("{9A19103F-16F7-4668-BE54-9A1E7A4F7556}") = "ApplicationCoreUnitTests", "ApplicationCoreUnitTests\ApplicationCoreUnitTests.csproj", "{4609886E-1FE5-457B-9C45-D102847B3BA3}"
EndProject
Project("{9A19103F-16F7-4668-BE54-9A1E7A4F7556}") = "WebApi", "WebApi\WebApi.csproj", "{897F2F5D-CF82-4023-8120-1F6CF6DB464F}"
EndProject
Project("{2150E333-8FDC-42A3-9474-1A3956D46DE8}") = "Solution Items", "Solution Items", "{E442E6E7-BFED-4884-B244-DBB8DE74C58B}"
	ProjectSection(SolutionItems) = preProject
		.editorconfig = .editorconfig
	EndProjectSection
EndProject
Project("{FAE04EC0-301F-11D3-BF4B-00C04F79EFBC}") = "FlightLog", "FlightLog\FlightLog.csproj", "{288F0C35-9401-4BA8-BCFA-82B796269696}"
EndProject
Project("{FAE04EC0-301F-11D3-BF4B-00C04F79EFBC}") = "IdentityServer", "IdentityServer\IdentityServer.csproj", "{CBF1039B-271F-4677-8BF3-9B29EF644C8F}"
EndProject
Global
	GlobalSection(SolutionConfigurationPlatforms) = preSolution
		Debug|Any CPU = Debug|Any CPU
		Release|Any CPU = Release|Any CPU
	EndGlobalSection
	GlobalSection(ProjectConfigurationPlatforms) = postSolution
		{1D859B2E-52C7-4322-B0C3-979D3AC4B3B8}.Debug|Any CPU.ActiveCfg = Debug|Any CPU
		{1D859B2E-52C7-4322-B0C3-979D3AC4B3B8}.Debug|Any CPU.Build.0 = Debug|Any CPU
		{1D859B2E-52C7-4322-B0C3-979D3AC4B3B8}.Release|Any CPU.ActiveCfg = Release|Any CPU
		{1D859B2E-52C7-4322-B0C3-979D3AC4B3B8}.Release|Any CPU.Build.0 = Release|Any CPU
		{B98B06AA-CA0C-44A6-9E64-D7FB4DDE92F0}.Debug|Any CPU.ActiveCfg = Debug|Any CPU
		{B98B06AA-CA0C-44A6-9E64-D7FB4DDE92F0}.Debug|Any CPU.Build.0 = Debug|Any CPU
		{B98B06AA-CA0C-44A6-9E64-D7FB4DDE92F0}.Release|Any CPU.ActiveCfg = Release|Any CPU
		{B98B06AA-CA0C-44A6-9E64-D7FB4DDE92F0}.Release|Any CPU.Build.0 = Release|Any CPU
		{36E340FF-0B26-4FE8-85A9-AD4868F43779}.Debug|Any CPU.ActiveCfg = Debug|Any CPU
		{36E340FF-0B26-4FE8-85A9-AD4868F43779}.Debug|Any CPU.Build.0 = Debug|Any CPU
		{36E340FF-0B26-4FE8-85A9-AD4868F43779}.Release|Any CPU.ActiveCfg = Release|Any CPU
		{36E340FF-0B26-4FE8-85A9-AD4868F43779}.Release|Any CPU.Build.0 = Release|Any CPU
		{4609886E-1FE5-457B-9C45-D102847B3BA3}.Debug|Any CPU.ActiveCfg = Debug|Any CPU
		{4609886E-1FE5-457B-9C45-D102847B3BA3}.Debug|Any CPU.Build.0 = Debug|Any CPU
		{4609886E-1FE5-457B-9C45-D102847B3BA3}.Release|Any CPU.ActiveCfg = Release|Any CPU
		{4609886E-1FE5-457B-9C45-D102847B3BA3}.Release|Any CPU.Build.0 = Release|Any CPU
		{897F2F5D-CF82-4023-8120-1F6CF6DB464F}.Debug|Any CPU.ActiveCfg = Debug|Any CPU
		{897F2F5D-CF82-4023-8120-1F6CF6DB464F}.Debug|Any CPU.Build.0 = Debug|Any CPU
		{897F2F5D-CF82-4023-8120-1F6CF6DB464F}.Release|Any CPU.ActiveCfg = Release|Any CPU
		{897F2F5D-CF82-4023-8120-1F6CF6DB464F}.Release|Any CPU.Build.0 = Release|Any CPU
		{288F0C35-9401-4BA8-BCFA-82B796269696}.Debug|Any CPU.ActiveCfg = Debug|Any CPU
		{288F0C35-9401-4BA8-BCFA-82B796269696}.Debug|Any CPU.Build.0 = Debug|Any CPU
		{288F0C35-9401-4BA8-BCFA-82B796269696}.Release|Any CPU.ActiveCfg = Release|Any CPU
		{288F0C35-9401-4BA8-BCFA-82B796269696}.Release|Any CPU.Build.0 = Release|Any CPU
		{CBF1039B-271F-4677-8BF3-9B29EF644C8F}.Debug|Any CPU.ActiveCfg = Debug|Any CPU
		{CBF1039B-271F-4677-8BF3-9B29EF644C8F}.Debug|Any CPU.Build.0 = Debug|Any CPU
		{CBF1039B-271F-4677-8BF3-9B29EF644C8F}.Release|Any CPU.ActiveCfg = Release|Any CPU
		{CBF1039B-271F-4677-8BF3-9B29EF644C8F}.Release|Any CPU.Build.0 = Release|Any CPU
	EndGlobalSection
	GlobalSection(SolutionProperties) = preSolution
		HideSolutionNode = FALSE
	EndGlobalSection
	GlobalSection(ExtensibilityGlobals) = postSolution
		SolutionGuid = {6D8F1ADE-77AA-42E7-BB80-42F099B99A61}
	EndGlobalSection
EndGlobal
